
Microsoft Visual Studio Solution File, Format Version 12.00
# Visual Studio Version 17
VisualStudioVersion = 17.5.002.0
MinimumVisualStudioVersion = 10.0.40219.1
Project("{2150E333-8FDC-42A3-9474-1A3956D46DE8}") = "tests", "tests", "{972192EE-70F7-4627-A927-09299634C390}"
EndProject
Project("{9A19103F-16F7-4668-BE54-9A1E7A4F7556}") = "w80.TestHelper", "tests\server\test-helper\w80.TestHelper.csproj", "{49A5F3AC-4C55-40F9-9DB2-54305FCB3C4D}"
EndProject
Project("{2150E333-8FDC-42A3-9474-1A3956D46DE8}") = "unit", "unit", "{7D8485EB-698A-4FAE-914A-EE1380140926}"
EndProject
Project("{9A19103F-16F7-4668-BE54-9A1E7A4F7556}") = "w80.Common.UnitTests", "tests\server\unit\common\w80.Common.UnitTests.csproj", "{F10B3566-2C41-4D3A-8D2F-28D7DAAD4411}"
EndProject
Project("{9A19103F-16F7-4668-BE54-9A1E7A4F7556}") = "w80.Domain.UnitTests", "tests\server\unit\domain\w80.Domain.UnitTests.csproj", "{3DF6F0C4-2342-412D-AF6A-32AB3ED1CEBD}"
EndProject
Project("{2150E333-8FDC-42A3-9474-1A3956D46DE8}") = "integration", "integration", "{B96ABA2E-16FD-4A9F-BA8E-8BDC11FA151D}"
EndProject
Project("{9A19103F-16F7-4668-BE54-9A1E7A4F7556}") = "w80.Application.IntegrationTests", "tests\server\integration\application\w80.Application.IntegrationTests.csproj", "{EA73682D-2B11-4455-8101-2CBAEF414C50}"
EndProject
Project("{2150E333-8FDC-42A3-9474-1A3956D46DE8}") = "src", "src", "{86155266-EDE9-43BE-AA38-626CABEA260F}"
EndProject
Project("{2150E333-8FDC-42A3-9474-1A3956D46DE8}") = "server", "server", "{92CF5363-E596-4FAA-8D0E-C5A59CF079B9}"
EndProject
Project("{9A19103F-16F7-4668-BE54-9A1E7A4F7556}") = "w80.Application", "src\server\application\w80.Application.csproj", "{156ACFC8-32F2-4126-A63C-03E617444FBA}"
EndProject
Project("{9A19103F-16F7-4668-BE54-9A1E7A4F7556}") = "w80.Notifications", "src\server\notifications\w80.Notifications.csproj", "{F81D113A-9AC4-48D1-B337-B9CF5DBC559E}"
EndProject
Project("{9A19103F-16F7-4668-BE54-9A1E7A4F7556}") = "w80.DI", "src\server\di\w80.DI.csproj", "{5131140E-16B3-4E90-BEA4-4567E1868CF5}"
EndProject
Project("{9A19103F-16F7-4668-BE54-9A1E7A4F7556}") = "w80.Common", "src\server\common\w80.Common.csproj", "{0DB53B28-78BB-43A7-BCED-AF5B1AFDDFEC}"
EndProject
Project("{9A19103F-16F7-4668-BE54-9A1E7A4F7556}") = "w80.Controller", "src\server\controller\w80.Controller.csproj", "{CC3E8CFD-CC95-475A-A3FC-1E845075E320}"
EndProject
Project("{9A19103F-16F7-4668-BE54-9A1E7A4F7556}") = "w80.Domain", "src\server\domain\w80.Domain.csproj", "{D8AF254D-3C6F-4A6E-89E1-768788159D12}"
EndProject
Project("{FAE04EC0-301F-11D3-BF4B-00C04F79EFBC}") = "w80.Application.UnitTests", "tests\server\unit\application\w80.Application.UnitTests.csproj", "{9EDB1B19-1ACC-4D35-9AD1-7AFF3F30694B}"
EndProject
Project("{FAE04EC0-301F-11D3-BF4B-00C04F79EFBC}") = "w80.Notifications.UnitTests", "tests\server\unit\notifications\w80.Notifications.UnitTests.csproj", "{1644F75D-0810-4706-9276-0A821165C15F}"
EndProject
Global
	GlobalSection(SolutionConfigurationPlatforms) = preSolution
		Debug|Any CPU = Debug|Any CPU
		Release|Any CPU = Release|Any CPU
	EndGlobalSection
	GlobalSection(ProjectConfigurationPlatforms) = postSolution
		{49A5F3AC-4C55-40F9-9DB2-54305FCB3C4D}.Debug|Any CPU.ActiveCfg = Debug|Any CPU
		{49A5F3AC-4C55-40F9-9DB2-54305FCB3C4D}.Debug|Any CPU.Build.0 = Debug|Any CPU
		{49A5F3AC-4C55-40F9-9DB2-54305FCB3C4D}.Release|Any CPU.ActiveCfg = Release|Any CPU
		{49A5F3AC-4C55-40F9-9DB2-54305FCB3C4D}.Release|Any CPU.Build.0 = Release|Any CPU
		{F10B3566-2C41-4D3A-8D2F-28D7DAAD4411}.Debug|Any CPU.ActiveCfg = Debug|Any CPU
		{F10B3566-2C41-4D3A-8D2F-28D7DAAD4411}.Debug|Any CPU.Build.0 = Debug|Any CPU
		{F10B3566-2C41-4D3A-8D2F-28D7DAAD4411}.Release|Any CPU.ActiveCfg = Release|Any CPU
		{F10B3566-2C41-4D3A-8D2F-28D7DAAD4411}.Release|Any CPU.Build.0 = Release|Any CPU
		{3DF6F0C4-2342-412D-AF6A-32AB3ED1CEBD}.Debug|Any CPU.ActiveCfg = Debug|Any CPU
		{3DF6F0C4-2342-412D-AF6A-32AB3ED1CEBD}.Debug|Any CPU.Build.0 = Debug|Any CPU
		{3DF6F0C4-2342-412D-AF6A-32AB3ED1CEBD}.Release|Any CPU.ActiveCfg = Release|Any CPU
		{3DF6F0C4-2342-412D-AF6A-32AB3ED1CEBD}.Release|Any CPU.Build.0 = Release|Any CPU
		{EA73682D-2B11-4455-8101-2CBAEF414C50}.Debug|Any CPU.ActiveCfg = Debug|Any CPU
		{EA73682D-2B11-4455-8101-2CBAEF414C50}.Debug|Any CPU.Build.0 = Debug|Any CPU
		{EA73682D-2B11-4455-8101-2CBAEF414C50}.Release|Any CPU.ActiveCfg = Release|Any CPU
		{EA73682D-2B11-4455-8101-2CBAEF414C50}.Release|Any CPU.Build.0 = Release|Any CPU
		{156ACFC8-32F2-4126-A63C-03E617444FBA}.Debug|Any CPU.ActiveCfg = Debug|Any CPU
		{156ACFC8-32F2-4126-A63C-03E617444FBA}.Debug|Any CPU.Build.0 = Debug|Any CPU
		{156ACFC8-32F2-4126-A63C-03E617444FBA}.Release|Any CPU.ActiveCfg = Release|Any CPU
		{156ACFC8-32F2-4126-A63C-03E617444FBA}.Release|Any CPU.Build.0 = Release|Any CPU
		{F81D113A-9AC4-48D1-B337-B9CF5DBC559E}.Debug|Any CPU.ActiveCfg = Debug|Any CPU
		{F81D113A-9AC4-48D1-B337-B9CF5DBC559E}.Debug|Any CPU.Build.0 = Debug|Any CPU
		{F81D113A-9AC4-48D1-B337-B9CF5DBC559E}.Release|Any CPU.ActiveCfg = Release|Any CPU
		{F81D113A-9AC4-48D1-B337-B9CF5DBC559E}.Release|Any CPU.Build.0 = Release|Any CPU
		{5131140E-16B3-4E90-BEA4-4567E1868CF5}.Debug|Any CPU.ActiveCfg = Debug|Any CPU
		{5131140E-16B3-4E90-BEA4-4567E1868CF5}.Debug|Any CPU.Build.0 = Debug|Any CPU
		{5131140E-16B3-4E90-BEA4-4567E1868CF5}.Release|Any CPU.ActiveCfg = Release|Any CPU
		{5131140E-16B3-4E90-BEA4-4567E1868CF5}.Release|Any CPU.Build.0 = Release|Any CPU
		{0DB53B28-78BB-43A7-BCED-AF5B1AFDDFEC}.Debug|Any CPU.ActiveCfg = Debug|Any CPU
		{0DB53B28-78BB-43A7-BCED-AF5B1AFDDFEC}.Debug|Any CPU.Build.0 = Debug|Any CPU
		{0DB53B28-78BB-43A7-BCED-AF5B1AFDDFEC}.Release|Any CPU.ActiveCfg = Release|Any CPU
		{0DB53B28-78BB-43A7-BCED-AF5B1AFDDFEC}.Release|Any CPU.Build.0 = Release|Any CPU
		{CC3E8CFD-CC95-475A-A3FC-1E845075E320}.Debug|Any CPU.ActiveCfg = Debug|Any CPU
		{CC3E8CFD-CC95-475A-A3FC-1E845075E320}.Debug|Any CPU.Build.0 = Debug|Any CPU
		{CC3E8CFD-CC95-475A-A3FC-1E845075E320}.Release|Any CPU.ActiveCfg = Release|Any CPU
		{CC3E8CFD-CC95-475A-A3FC-1E845075E320}.Release|Any CPU.Build.0 = Release|Any CPU
		{D8AF254D-3C6F-4A6E-89E1-768788159D12}.Debug|Any CPU.ActiveCfg = Debug|Any CPU
		{D8AF254D-3C6F-4A6E-89E1-768788159D12}.Debug|Any CPU.Build.0 = Debug|Any CPU
		{D8AF254D-3C6F-4A6E-89E1-768788159D12}.Release|Any CPU.ActiveCfg = Release|Any CPU
		{D8AF254D-3C6F-4A6E-89E1-768788159D12}.Release|Any CPU.Build.0 = Release|Any CPU
		{9EDB1B19-1ACC-4D35-9AD1-7AFF3F30694B}.Debug|Any CPU.ActiveCfg = Debug|Any CPU
		{9EDB1B19-1ACC-4D35-9AD1-7AFF3F30694B}.Debug|Any CPU.Build.0 = Debug|Any CPU
		{9EDB1B19-1ACC-4D35-9AD1-7AFF3F30694B}.Release|Any CPU.ActiveCfg = Release|Any CPU
		{9EDB1B19-1ACC-4D35-9AD1-7AFF3F30694B}.Release|Any CPU.Build.0 = Release|Any CPU
		{1644F75D-0810-4706-9276-0A821165C15F}.Debug|Any CPU.ActiveCfg = Debug|Any CPU
		{1644F75D-0810-4706-9276-0A821165C15F}.Debug|Any CPU.Build.0 = Debug|Any CPU
		{1644F75D-0810-4706-9276-0A821165C15F}.Release|Any CPU.ActiveCfg = Release|Any CPU
		{1644F75D-0810-4706-9276-0A821165C15F}.Release|Any CPU.Build.0 = Release|Any CPU
	EndGlobalSection
	GlobalSection(SolutionProperties) = preSolution
		HideSolutionNode = FALSE
	EndGlobalSection
	GlobalSection(NestedProjects) = preSolution
		{49A5F3AC-4C55-40F9-9DB2-54305FCB3C4D} = {972192EE-70F7-4627-A927-09299634C390}
		{7D8485EB-698A-4FAE-914A-EE1380140926} = {972192EE-70F7-4627-A927-09299634C390}
		{F10B3566-2C41-4D3A-8D2F-28D7DAAD4411} = {7D8485EB-698A-4FAE-914A-EE1380140926}
		{3DF6F0C4-2342-412D-AF6A-32AB3ED1CEBD} = {7D8485EB-698A-4FAE-914A-EE1380140926}
		{B96ABA2E-16FD-4A9F-BA8E-8BDC11FA151D} = {972192EE-70F7-4627-A927-09299634C390}
		{EA73682D-2B11-4455-8101-2CBAEF414C50} = {B96ABA2E-16FD-4A9F-BA8E-8BDC11FA151D}
		{92CF5363-E596-4FAA-8D0E-C5A59CF079B9} = {86155266-EDE9-43BE-AA38-626CABEA260F}
		{156ACFC8-32F2-4126-A63C-03E617444FBA} = {92CF5363-E596-4FAA-8D0E-C5A59CF079B9}
		{F81D113A-9AC4-48D1-B337-B9CF5DBC559E} = {92CF5363-E596-4FAA-8D0E-C5A59CF079B9}
		{5131140E-16B3-4E90-BEA4-4567E1868CF5} = {92CF5363-E596-4FAA-8D0E-C5A59CF079B9}
		{0DB53B28-78BB-43A7-BCED-AF5B1AFDDFEC} = {92CF5363-E596-4FAA-8D0E-C5A59CF079B9}
		{CC3E8CFD-CC95-475A-A3FC-1E845075E320} = {92CF5363-E596-4FAA-8D0E-C5A59CF079B9}
		{D8AF254D-3C6F-4A6E-89E1-768788159D12} = {92CF5363-E596-4FAA-8D0E-C5A59CF079B9}
		{9EDB1B19-1ACC-4D35-9AD1-7AFF3F30694B} = {7D8485EB-698A-4FAE-914A-EE1380140926}
		{1644F75D-0810-4706-9276-0A821165C15F} = {7D8485EB-698A-4FAE-914A-EE1380140926}
	EndGlobalSection
	GlobalSection(ExtensibilityGlobals) = postSolution
		SolutionGuid = {47D47D0A-1FA5-4A18-A6CF-7FB85204B53A}
	EndGlobalSection
EndGlobal
